github.com/j33pguy/fxutils v0.0.0-20220425200954-c37c6fef8634 h1:0harHV9WFwUiv0hx5bnw7orjnhCa3yPSpDPRdoeKsz4=
github.com/j33pguy/fxutils v0.0.0-20220425200954-c37c6fef8634/go.mod h1:wyLHjaqUwDyvwoSSWZhqJA7PxYedjHBnxBxcGvBT+NU=
github.com/j33pguy/fxutils v0.0.0-20220426040034-007ef2c4f59c h1:1s8R6iVY1a1IlJOE13et4y6oRr8SB0t8y/3xRsyj4ew=
github.com/j33pguy/fxutils v0.0.0-20220426040034-007ef2c4f59c/go.mod h1:wyLHjaqUwDyvwoSSWZhqJA7PxYedjHBnxBxcGvBT+NU=
